{
  "name": "eslint-config-zzish",
  "version": "0.9.0",
  "lockfileVersion": 1,
  "requires": true,
  "dependencies": {
    "eslint-plugin-chai-expect": {
      "version": "2.0.1",
      "resolved": "https://registry.npmjs.org/eslint-plugin-chai-expect/-/eslint-plugin-chai-expect-2.0.1.tgz",
      "integrity": "sha512-HiFoh9F9grVdVQEIwADwPA7SlcGZcsm9gdzZGDoH2SeUoUmYrUuq1cQmfjyOfqRpFOL6qlhcz5nZW2ppTH9ZlQ=="
    },
    "eslint-plugin-jest": {
      "version": "22.6.4",
      "resolved": "https://registry.npmjs.org/eslint-plugin-jest/-/eslint-plugin-jest-22.6.4.tgz",
      "integrity": "sha512-36OqnZR/uMCDxXGmTsqU4RwllR0IiB/XF8GW3ODmhsjiITKuI0GpgultWFt193ipN3HARkaIcKowpE6HBvRHNg=="
    }
  }
}
